{
  "version": 4,
  "terraform_version": "1.2.2",
  "serial": 168,
  "lineage": "32174f24-c879-a74a-fd68-9f5dfb33a252",
  "outputs": {},
  "resources": [
    {
      "mode": "data",
      "type": "aws_availability_zones",
      "name": "available",
      "provider": "provider[\"registry.terraform.io/hashicorp/aws\"]",
      "instances": [
        {
          "schema_version": 0,
          "attributes": {
            "all_availability_zones": null,
            "exclude_names": null,
            "exclude_zone_ids": null,
            "filter": null,
            "group_names": [
              "us-east-1"
            ],
            "id": "us-east-1",
            "names": [
              "us-east-1a",
              "us-east-1b",
              "us-east-1c",
              "us-east-1d",
              "us-east-1e",
              "us-east-1f"
            ],
            "state": null,
            "zone_ids": [
              "use1-az4",
              "use1-az6",
              "use1-az1",
              "use1-az2",
              "use1-az3",
              "use1-az5"
            ]
          },
          "sensitive_attributes": []
        }
      ]
    },
    {
      "mode": "data",
      "type": "aws_route53_zone",
      "name": "primary",
      "provider": "provider[\"registry.terraform.io/hashicorp/aws\"]",
      "instances": [
        {
          "schema_version": 0,
          "attributes": {
            "arn": "arn:aws:route53:::hostedzone/Z0265996260PTGYQV497I",
            "caller_reference": "81cdb13b-2c88-497c-a047-e97fe46c56cb",
            "comment": "",
            "id": "Z0265996260PTGYQV497I",
            "linked_service_description": null,
            "linked_service_principal": null,
            "name": "am3e.dev",
            "name_servers": [
              "ns-1900.awsdns-45.co.uk",
              "ns-609.awsdns-12.net",
              "ns-263.awsdns-32.com",
              "ns-1073.awsdns-06.org"
            ],
            "private_zone": false,
            "resource_record_set_count": 8,
            "tags": {},
            "vpc_id": null,
            "zone_id": "Z0265996260PTGYQV497I"
          },
          "sensitive_attributes": []
        }
      ]
    },
    {
      "mode": "data",
      "type": "aws_route53_zone",
      "name": "zone",
      "provider": "provider[\"registry.terraform.io/hashicorp/aws\"]",
      "instances": [
        {
          "schema_version": 0,
          "attributes": {
            "arn": "arn:aws:route53:::hostedzone/Z0265996260PTGYQV497I",
            "caller_reference": "81cdb13b-2c88-497c-a047-e97fe46c56cb",
            "comment": "",
            "id": "Z0265996260PTGYQV497I",
            "linked_service_description": null,
            "linked_service_principal": null,
            "name": "am3e.dev",
            "name_servers": [
              "ns-1900.awsdns-45.co.uk",
              "ns-609.awsdns-12.net",
              "ns-263.awsdns-32.com",
              "ns-1073.awsdns-06.org"
            ],
            "private_zone": false,
            "resource_record_set_count": 8,
            "tags": {},
            "vpc_id": null,
            "zone_id": "Z0265996260PTGYQV497I"
          },
          "sensitive_attributes": []
        }
      ]
    },
    {
      "mode": "managed",
      "type": "aws_db_instance",
      "name": "default",
      "provider": "provider[\"registry.terraform.io/hashicorp/aws\"]",
      "instances": [
        {
          "schema_version": 1,
          "attributes": {
            "address": "sequence-rds-instance-identifier.crpq960mbf23.us-east-1.rds.amazonaws.com",
            "allocated_storage": 5,
            "allow_major_version_upgrade": null,
            "apply_immediately": null,
            "arn": "arn:aws:rds:us-east-1:725445055643:db:sequence-rds-instance-identifier",
            "auto_minor_version_upgrade": true,
            "availability_zone": "us-east-1a",
            "backup_retention_period": 0,
            "backup_window": "06:08-06:38",
            "ca_cert_identifier": "rds-ca-2019",
            "character_set_name": "",
            "copy_tags_to_snapshot": false,
            "customer_owned_ip_enabled": false,
            "db_name": "Sequence",
            "db_subnet_group_name": "terraform-mysql-subnet-group",
            "delete_automated_backups": true,
            "deletion_protection": false,
            "domain": "",
            "domain_iam_role_name": "",
            "enabled_cloudwatch_logs_exports": [],
            "endpoint": "sequence-rds-instance-identifier.crpq960mbf23.us-east-1.rds.amazonaws.com:3306",
            "engine": "mysql",
            "engine_version": "5.7",
            "engine_version_actual": "5.7.37",
            "final_snapshot_identifier": "Ignore",
            "hosted_zone_id": "Z2R2ITUGPM61AM",
            "iam_database_authentication_enabled": false,
            "id": "sequence-rds-instance-identifier",
            "identifier": "sequence-rds-instance-identifier",
            "identifier_prefix": "",
            "instance_class": "db.t2.micro",
            "iops": 0,
            "kms_key_id": "",
            "latest_restorable_time": "0001-01-01T00:00:00Z",
            "license_model": "general-public-license",
            "maintenance_window": "wed:10:06-wed:10:36",
            "max_allocated_storage": 0,
            "monitoring_interval": 0,
            "monitoring_role_arn": "",
            "multi_az": false,
            "name": "Sequence",
            "nchar_character_set_name": "",
            "option_group_name": "default:mysql-5-7",
            "parameter_group_name": "default.mysql5.7",
            "password": "sequence",
            "performance_insights_enabled": false,
            "performance_insights_kms_key_id": "",
            "performance_insights_retention_period": 0,
            "port": 3306,
            "publicly_accessible": false,
            "replica_mode": "",
            "replicas": [],
            "replicate_source_db": "",
            "resource_id": "db-WVLLOUEMXYW33CAMNTSVDZ3DJQ",
            "restore_to_point_in_time": [],
            "s3_import": [],
            "security_group_names": [],
            "skip_final_snapshot": true,
            "snapshot_identifier": null,
            "status": "available",
            "storage_encrypted": false,
            "storage_type": "gp2",
            "tags": {},
            "tags_all": {},
            "timeouts": null,
            "timezone": "",
            "username": "sequence",
            "vpc_security_group_ids": [
              "sg-03da66d683683d90e"
            ]
          },
          "sensitive_attributes": [],
          "private": "eyJlMmJmYjczMC1lY2FhLTExZTYtOGY4OC0zNDM2M2JjN2M0YzAiOnsiY3JlYXRlIjoyNDAwMDAwMDAwMDAwLCJkZWxldGUiOjM2MDAwMDAwMDAwMDAsInVwZGF0ZSI6NDgwMDAwMDAwMDAwMH0sInNjaGVtYV92ZXJzaW9uIjoiMSJ9",
          "dependencies": [
            "aws_db_subnet_group.default",
            "aws_security_group.default",
            "aws_security_group.rds",
            "aws_subnet.rds",
            "aws_vpc.app_vpc",
            "data.aws_availability_zones.available"
          ]
        }
      ]
    },
    {
      "mode": "managed",
      "type": "aws_db_parameter_group",
      "name": "default",
      "provider": "provider[\"registry.terraform.io/hashicorp/aws\"]",
      "instances": [
        {
          "schema_version": 0,
          "attributes": {
            "arn": "arn:aws:rds:us-east-1:725445055643:pg:sequence-rds-instance-identifier-param-group",
            "description": "Terraform parameter group for mysql5.6",
            "family": "mysql5.6",
            "id": "sequence-rds-instance-identifier-param-group",
            "name": "sequence-rds-instance-identifier-param-group",
            "name_prefix": null,
            "parameter": [
              {
                "apply_method": "immediate",
                "name": "character_set_client",
                "value": "utf8"
              },
              {
                "apply_method": "immediate",
                "name": "character_set_server",
                "value": "utf8"
              }
            ],
            "tags": {},
            "tags_all": {}
          },
          "sensitive_attributes": [],
          "private": "bnVsbA=="
        }
      ]
    },
    {
      "mode": "managed",
      "type": "aws_db_subnet_group",
      "name": "default",
      "provider": "provider[\"registry.terraform.io/hashicorp/aws\"]",
      "instances": [
        {
          "schema_version": 0,
          "attributes": {
            "arn": "arn:aws:rds:us-east-1:725445055643:subgrp:terraform-mysql-subnet-group",
            "description": "Terraform example RDS subnet group",
            "id": "terraform-mysql-subnet-group",
            "name": "terraform-mysql-subnet-group",
            "name_prefix": null,
            "subnet_ids": [
              "subnet-051b3d97a903208de",
              "subnet-06f58f682870e9129",
              "subnet-085b7218ddb7bc319",
              "subnet-0dd85a3dabbc1ad07",
              "subnet-0edccfe8dec308178",
              "subnet-0fb9081e680819db1"
            ],
            "tags": {},
            "tags_all": {}
          },
          "sensitive_attributes": [],
          "private": "bnVsbA==",
          "dependencies": [
            "aws_subnet.rds",
            "aws_vpc.app_vpc",
            "data.aws_availability_zones.available"
          ]
        }
      ]
    },
    {
      "mode": "managed",
      "type": "aws_instance",
      "name": "app_server",
      "provider": "provider[\"registry.terraform.io/hashicorp/aws\"]",
      "instances": [
        {
          "schema_version": 1,
          "attributes": {
            "ami": "ami-0022f774911c1d690",
            "arn": "arn:aws:ec2:us-east-1:725445055643:instance/i-07b47b92eb3519c53",
            "associate_public_ip_address": true,
            "availability_zone": "us-east-1a",
            "capacity_reservation_specification": [
              {
                "capacity_reservation_preference": "open",
                "capacity_reservation_target": []
              }
            ],
            "cpu_core_count": 1,
            "cpu_threads_per_core": 1,
            "credit_specification": [
              {
                "cpu_credits": "standard"
              }
            ],
            "disable_api_termination": false,
            "ebs_block_device": [],
            "ebs_optimized": false,
            "enclave_options": [
              {
                "enabled": false
              }
            ],
            "ephemeral_block_device": [],
            "get_password_data": false,
            "hibernation": false,
            "host_id": null,
            "iam_instance_profile": "",
            "id": "i-07b47b92eb3519c53",
            "instance_initiated_shutdown_behavior": "stop",
            "instance_state": "running",
            "instance_type": "t2.micro",
            "ipv6_address_count": 0,
            "ipv6_addresses": [],
            "key_name": "aws_key",
            "launch_template": [],
            "maintenance_options": [
              {
                "auto_recovery": "default"
              }
            ],
            "metadata_options": [
              {
                "http_endpoint": "enabled",
                "http_put_response_hop_limit": 1,
                "http_tokens": "optional",
                "instance_metadata_tags": "disabled"
              }
            ],
            "monitoring": false,
            "network_interface": [],
            "outpost_arn": "",
            "password_data": "",
            "placement_group": "",
            "placement_partition_number": null,
            "primary_network_interface_id": "eni-0edb198d737363da1",
            "private_dns": "ip-10-0-0-138.ec2.internal",
            "private_ip": "10.0.0.138",
            "public_dns": "",
            "public_ip": "54.146.253.0",
            "root_block_device": [
              {
                "delete_on_termination": true,
                "device_name": "/dev/xvda",
                "encrypted": false,
                "iops": 100,
                "kms_key_id": "",
                "tags": {},
                "throughput": 0,
                "volume_id": "vol-0e99569e9fe6a33a8",
                "volume_size": 8,
                "volume_type": "gp2"
              }
            ],
            "secondary_private_ips": [],
            "security_groups": [],
            "source_dest_check": true,
            "subnet_id": "subnet-001a367bf41899714",
            "tags": {
              "Name": "Sequence"
            },
            "tags_all": {
              "Name": "Sequence"
            },
            "tenancy": "default",
            "timeouts": null,
            "user_data": null,
            "user_data_base64": null,
            "user_data_replace_on_change": false,
            "volume_tags": null,
            "vpc_security_group_ids": [
              "sg-0c7352aa9204ac566"
            ]
          },
          "sensitive_attributes": [],
          "private": "eyJlMmJmYjczMC1lY2FhLTExZTYtOGY4OC0zNDM2M2JjN2M0YzAiOnsiY3JlYXRlIjo2MDAwMDAwMDAwMDAsImRlbGV0ZSI6MTIwMDAwMDAwMDAwMCwidXBkYXRlIjo2MDAwMDAwMDAwMDB9LCJzY2hlbWFfdmVyc2lvbiI6IjEifQ==",
          "dependencies": [
            "aws_subnet.main",
            "aws_vpc.app_vpc",
            "data.aws_availability_zones.available"
          ]
        }
      ]
    },
    {
      "mode": "managed",
      "type": "aws_internet_gateway",
      "name": "app_gateway",
      "provider": "provider[\"registry.terraform.io/hashicorp/aws\"]",
      "instances": [
        {
          "schema_version": 0,
          "attributes": {
            "arn": "arn:aws:ec2:us-east-1:725445055643:internet-gateway/igw-008ae2569b2e8376a",
            "id": "igw-008ae2569b2e8376a",
            "owner_id": "725445055643",
            "tags": {
              "Name": "terraform-app-internet-gateway"
            },
            "tags_all": {
              "Name": "terraform-app-internet-gateway"
            },
            "vpc_id": "vpc-05574daad2672982f"
          },
          "sensitive_attributes": [],
          "private": "bnVsbA==",
          "dependencies": [
            "aws_vpc.app_vpc"
          ]
        }
      ]
    },
    {
      "mode": "managed",
      "type": "aws_key_pair",
      "name": "deployer",
      "provider": "provider[\"registry.terraform.io/hashicorp/aws\"]",
      "instances": [
        {
          "schema_version": 1,
          "attributes": {
            "arn": "arn:aws:ec2:us-east-1:725445055643:key-pair/aws_key",
            "fingerprint": "a6:d9:0e:aa:08:e6:f8:eb:01:5e:42:10:bc:5a:3f:92",
            "id": "aws_key",
            "key_name": "aws_key",
            "key_name_prefix": "",
            "key_pair_id": "key-0485bcd4e7ecdf4ac",
            "public_key": "ssh-rsa AAAAB3NzaC1yc2EAAAADAQABAAABAQC/vslbFk99yKSt26Oab8V0CU8ExMjFakYxD/Psr96Cw/sdlg5+Lw8PhwUZ5TKPIwXFHSABgYXdmTCT7tLIep8byXkFUHo/zce3cK/PASXhTHy0ULPknngZuBfa22t3chB63uDHrjgdqqoeyJSdpXYf6qxI99snNmqDIV2TecgTcrkP/DTbSVfAdPf3SbRBAm4S7IWh5FaIn+AeDUhJ8EbwzRzp7Y7XmUdbpa3d2hoyM2FrHnTJAsY040tTlhcl6+olok1MGDCO5kZUnCihhNRPvIVL6lcJQtYxpMk1K3Q4WaDFeCERWBsigzaEgn+d3dnqIzVLpSvRpUgEw6AdXWQt amaliareodica@Amalias-MacBook-Air.local",
            "tags": {},
            "tags_all": {}
          },
          "sensitive_attributes": [],
          "private": "eyJzY2hlbWFfdmVyc2lvbiI6IjEifQ=="
        }
      ]
    },
    {
      "mode": "managed",
      "type": "aws_lb",
      "name": "app_lb",
      "provider": "provider[\"registry.terraform.io/hashicorp/aws\"]",
      "instances": [
        {
          "schema_version": 0,
          "attributes": {
            "access_logs": [
              {
                "bucket": "",
                "enabled": false,
                "prefix": ""
              }
            ],
            "arn": "arn:aws:elasticloadbalancing:us-east-1:725445055643:loadbalancer/app/sequence-lb-tf/ea2b98d5c572c28d",
            "arn_suffix": "app/sequence-lb-tf/ea2b98d5c572c28d",
            "customer_owned_ipv4_pool": "",
            "desync_mitigation_mode": "defensive",
            "dns_name": "sequence-lb-tf-1781566313.us-east-1.elb.amazonaws.com",
            "drop_invalid_header_fields": false,
            "enable_cross_zone_load_balancing": null,
            "enable_deletion_protection": false,
            "enable_http2": true,
            "enable_waf_fail_open": false,
            "id": "arn:aws:elasticloadbalancing:us-east-1:725445055643:loadbalancer/app/sequence-lb-tf/ea2b98d5c572c28d",
            "idle_timeout": 60,
            "internal": false,
            "ip_address_type": "ipv4",
            "load_balancer_type": "application",
            "name": "sequence-lb-tf",
            "name_prefix": null,
            "security_groups": [
              "sg-0622f9b265b05e1a3"
            ],
            "subnet_mapping": [
              {
                "allocation_id": "",
                "ipv6_address": "",
                "outpost_id": "",
                "private_ipv4_address": "",
                "subnet_id": "subnet-001a367bf41899714"
              },
              {
                "allocation_id": "",
                "ipv6_address": "",
                "outpost_id": "",
                "private_ipv4_address": "",
                "subnet_id": "subnet-0118a3823555686c5"
              },
              {
                "allocation_id": "",
                "ipv6_address": "",
                "outpost_id": "",
                "private_ipv4_address": "",
                "subnet_id": "subnet-0227b050e7c05db91"
              },
              {
                "allocation_id": "",
                "ipv6_address": "",
                "outpost_id": "",
                "private_ipv4_address": "",
                "subnet_id": "subnet-0423f5832371e3531"
              },
              {
                "allocation_id": "",
                "ipv6_address": "",
                "outpost_id": "",
                "private_ipv4_address": "",
                "subnet_id": "subnet-0a7e93a7c8f502cae"
              },
              {
                "allocation_id": "",
                "ipv6_address": "",
                "outpost_id": "",
                "private_ipv4_address": "",
                "subnet_id": "subnet-0c2bc5f418630350e"
              }
            ],
            "subnets": [
              "subnet-001a367bf41899714",
              "subnet-0118a3823555686c5",
              "subnet-0227b050e7c05db91",
              "subnet-0423f5832371e3531",
              "subnet-0a7e93a7c8f502cae",
              "subnet-0c2bc5f418630350e"
            ],
            "tags": {
              "Name": "terraform-example-lb"
            },
            "tags_all": {
              "Name": "terraform-example-lb"
            },
            "timeouts": null,
            "vpc_id": "vpc-05574daad2672982f",
            "zone_id": "Z35SXDOTRQ7X7K"
          },
          "sensitive_attributes": [],
          "private": "eyJlMmJmYjczMC1lY2FhLTExZTYtOGY4OC0zNDM2M2JjN2M0YzAiOnsiY3JlYXRlIjo2MDAwMDAwMDAwMDAsImRlbGV0ZSI6NjAwMDAwMDAwMDAwLCJ1cGRhdGUiOjYwMDAwMDAwMDAwMH19",
          "dependencies": [
            "aws_security_group.lb",
            "aws_subnet.main",
            "aws_vpc.app_vpc",
            "data.aws_availability_zones.available"
          ]
        }
      ]
    },
    {
      "mode": "managed",
      "type": "aws_lb_listener",
      "name": "listener_https",
      "provider": "provider[\"registry.terraform.io/hashicorp/aws\"]",
      "instances": [
        {
          "schema_version": 0,
          "attributes": {
            "alpn_policy": null,
            "arn": "arn:aws:elasticloadbalancing:us-east-1:725445055643:listener/app/sequence-lb-tf/ea2b98d5c572c28d/0bc5e8d7594c1ea0",
            "certificate_arn": "arn:aws:acm:us-east-1:725445055643:certificate/24731f5d-8c2c-4cf0-aca3-a05024387864",
            "default_action": [
              {
                "authenticate_cognito": [],
                "authenticate_oidc": [],
                "fixed_response": [],
                "forward": [],
                "order": 1,
                "redirect": [],
                "target_group_arn": "arn:aws:elasticloadbalancing:us-east-1:725445055643:targetgroup/app-server-lb-target/e052ab3ae635bcdb",
                "type": "forward"
              }
            ],
            "id": "arn:aws:elasticloadbalancing:us-east-1:725445055643:listener/app/sequence-lb-tf/ea2b98d5c572c28d/0bc5e8d7594c1ea0",
            "load_balancer_arn": "arn:aws:elasticloadbalancing:us-east-1:725445055643:loadbalancer/app/sequence-lb-tf/ea2b98d5c572c28d",
            "port": 443,
            "protocol": "HTTPS",
            "ssl_policy": "ELBSecurityPolicy-2016-08",
            "tags": null,
            "tags_all": {},
            "timeouts": null
          },
          "sensitive_attributes": [],
          "private": "eyJlMmJmYjczMC1lY2FhLTExZTYtOGY4OC0zNDM2M2JjN2M0YzAiOnsicmVhZCI6NjAwMDAwMDAwMDAwfX0=",
          "dependencies": [
            "aws_lb.app_lb",
            "aws_lb_target_group.app_server_wss",
            "aws_vpc.app_vpc"
          ]
        }
      ]
    },
    {
      "mode": "managed",
      "type": "aws_lb_target_group",
      "name": "app_server_wss",
      "provider": "provider[\"registry.terraform.io/hashicorp/aws\"]",
      "instances": [
        {
          "schema_version": 0,
          "attributes": {
            "arn": "arn:aws:elasticloadbalancing:us-east-1:725445055643:targetgroup/app-server-lb-target/e052ab3ae635bcdb",
            "arn_suffix": "targetgroup/app-server-lb-target/e052ab3ae635bcdb",
            "connection_termination": false,
            "deregistration_delay": "300",
            "health_check": [
              {
                "enabled": true,
                "healthy_threshold": 3,
                "interval": 30,
                "matcher": "426",
                "path": "/",
                "port": "8443",
                "protocol": "HTTP",
                "timeout": 5,
                "unhealthy_threshold": 3
              }
            ],
            "id": "arn:aws:elasticloadbalancing:us-east-1:725445055643:targetgroup/app-server-lb-target/e052ab3ae635bcdb",
            "lambda_multi_value_headers_enabled": false,
            "load_balancing_algorithm_type": "round_robin",
            "name": "app-server-lb-target",
            "name_prefix": null,
            "port": 8080,
            "preserve_client_ip": null,
            "protocol": "HTTP",
            "protocol_version": "HTTP2",
            "proxy_protocol_v2": false,
            "slow_start": 0,
            "stickiness": [
              {
                "cookie_duration": 86400,
                "cookie_name": "",
                "enabled": true,
                "type": "lb_cookie"
              }
            ],
            "tags": null,
            "tags_all": {},
            "target_type": "instance",
            "vpc_id": "vpc-05574daad2672982f"
          },
          "sensitive_attributes": [],
          "private": "bnVsbA==",
          "dependencies": [
            "aws_vpc.app_vpc"
          ]
        }
      ]
    },
    {
      "mode": "managed",
      "type": "aws_lb_target_group_attachment",
      "name": "ec_instance",
      "provider": "provider[\"registry.terraform.io/hashicorp/aws\"]",
      "instances": [
        {
          "schema_version": 0,
          "attributes": {
            "availability_zone": null,
            "id": "arn:aws:elasticloadbalancing:us-east-1:725445055643:targetgroup/app-server-lb-target/e052ab3ae635bcdb-20220622144004832500000001",
            "port": 8080,
            "target_group_arn": "arn:aws:elasticloadbalancing:us-east-1:725445055643:targetgroup/app-server-lb-target/e052ab3ae635bcdb",
            "target_id": "i-07b47b92eb3519c53"
          },
          "sensitive_attributes": [],
          "private": "bnVsbA==",
          "dependencies": [
            "aws_instance.app_server",
            "aws_lb_target_group.app_server_wss",
            "aws_vpc.app_vpc"
          ]
        }
      ]
    },
    {
      "mode": "managed",
      "type": "aws_route",
      "name": "route",
      "provider": "provider[\"registry.terraform.io/hashicorp/aws\"]",
      "instances": [
        {
          "schema_version": 0,
          "attributes": {
            "carrier_gateway_id": "",
            "core_network_arn": "",
            "destination_cidr_block": "0.0.0.0/0",
            "destination_ipv6_cidr_block": "",
            "destination_prefix_list_id": "",
            "egress_only_gateway_id": "",
            "gateway_id": "igw-008ae2569b2e8376a",
            "id": "r-rtb-03c1d9382eda08eb11080289494",
            "instance_id": "",
            "instance_owner_id": "",
            "local_gateway_id": "",
            "nat_gateway_id": "",
            "network_interface_id": "",
            "origin": "CreateRoute",
            "route_table_id": "rtb-03c1d9382eda08eb1",
            "state": "active",
            "timeouts": null,
            "transit_gateway_id": "",
            "vpc_endpoint_id": "",
            "vpc_peering_connection_id": ""
          },
          "sensitive_attributes": [],
          "private": "eyJlMmJmYjczMC1lY2FhLTExZTYtOGY4OC0zNDM2M2JjN2M0YzAiOnsiY3JlYXRlIjozMDAwMDAwMDAwMDAsImRlbGV0ZSI6MzAwMDAwMDAwMDAwLCJ1cGRhdGUiOjEyMDAwMDAwMDAwMH19",
          "dependencies": [
            "aws_internet_gateway.app_gateway",
            "aws_vpc.app_vpc"
          ]
        }
      ]
    },
    {
      "mode": "managed",
      "type": "aws_route53_record",
      "name": "server_sequence",
      "provider": "provider[\"registry.terraform.io/hashicorp/aws\"]",
      "instances": [
        {
          "schema_version": 2,
          "attributes": {
            "alias": [
              {
                "evaluate_target_health": true,
                "name": "sequence-lb-tf-1781566313.us-east-1.elb.amazonaws.com",
                "zone_id": "Z35SXDOTRQ7X7K"
              }
            ],
            "allow_overwrite": null,
            "failover_routing_policy": [],
            "fqdn": "server.sequence.am3e.dev",
            "geolocation_routing_policy": [],
            "health_check_id": "",
            "id": "Z0265996260PTGYQV497I_server.sequence.am3e.dev_A",
            "latency_routing_policy": [],
            "multivalue_answer_routing_policy": null,
            "name": "server.sequence.am3e.dev",
            "records": [],
            "set_identifier": "",
            "ttl": 0,
            "type": "A",
            "weighted_routing_policy": [],
            "zone_id": "Z0265996260PTGYQV497I"
          },
          "sensitive_attributes": [],
          "private": "eyJzY2hlbWFfdmVyc2lvbiI6IjIifQ==",
          "dependencies": [
            "aws_lb.app_lb",
            "aws_security_group.lb",
            "aws_subnet.main",
            "aws_vpc.app_vpc",
            "data.aws_availability_zones.available",
            "data.aws_route53_zone.primary"
          ]
        }
      ]
    },
    {
      "mode": "managed",
      "type": "aws_security_group",
      "name": "default",
      "provider": "provider[\"registry.terraform.io/hashicorp/aws\"]",
      "instances": [
        {
          "schema_version": 1,
          "attributes": {
            "arn": "arn:aws:ec2:us-east-1:725445055643:security-group/sg-032defed0c3b7fb2e",
            "description": "Terraform example security group",
            "egress": [
              {
                "cidr_blocks": [
                  "0.0.0.0/0"
                ],
                "description": "",
                "from_port": 0,
                "ipv6_cidr_blocks": [],
                "prefix_list_ids": [],
                "protocol": "-1",
                "security_groups": [],
                "self": false,
                "to_port": 0
              }
            ],
            "id": "sg-032defed0c3b7fb2e",
            "ingress": [],
            "name": "terraform_security_group",
            "name_prefix": "",
            "owner_id": "725445055643",
            "revoke_rules_on_delete": false,
            "tags": {
              "Name": "terraform-example-security-group"
            },
            "tags_all": {
              "Name": "terraform-example-security-group"
            },
            "timeouts": null,
            "vpc_id": "vpc-05574daad2672982f"
          },
          "sensitive_attributes": [],
          "private": "eyJlMmJmYjczMC1lY2FhLTExZTYtOGY4OC0zNDM2M2JjN2M0YzAiOnsiY3JlYXRlIjo2MDAwMDAwMDAwMDAsImRlbGV0ZSI6OTAwMDAwMDAwMDAwfSwic2NoZW1hX3ZlcnNpb24iOiIxIn0=",
          "dependencies": [
            "aws_vpc.app_vpc"
          ]
        }
      ]
    },
    {
      "mode": "managed",
      "type": "aws_security_group",
      "name": "lb",
      "provider": "provider[\"registry.terraform.io/hashicorp/aws\"]",
      "instances": [
        {
          "schema_version": 1,
          "attributes": {
            "arn": "arn:aws:ec2:us-east-1:725445055643:security-group/sg-0622f9b265b05e1a3",
            "description": "Terraform load balancer security group",
            "egress": [
              {
                "cidr_blocks": [
                  "0.0.0.0/0"
                ],
                "description": "",
                "from_port": 0,
                "ipv6_cidr_blocks": [],
                "prefix_list_ids": [],
                "protocol": "-1",
                "security_groups": [],
                "self": false,
                "to_port": 0
              }
            ],
            "id": "sg-0622f9b265b05e1a3",
            "ingress": [
              {
                "cidr_blocks": [
                  "99.99.99.0/24"
                ],
                "description": "",
                "from_port": 8080,
                "ipv6_cidr_blocks": [],
                "prefix_list_ids": [],
                "protocol": "tcp",
                "security_groups": [],
                "self": false,
                "to_port": 8080
              },
              {
                "cidr_blocks": [
                  "99.99.99.0/24"
                ],
                "description": null,
                "from_port": 22,
                "ipv6_cidr_blocks": [],
                "prefix_list_ids": [],
                "protocol": "tcp",
                "security_groups": [],
                "self": false,
                "to_port": 22
              },
              {
                "cidr_blocks": [
                  "99.99.99.0/24"
                ],
                "description": null,
                "from_port": 443,
                "ipv6_cidr_blocks": [],
                "prefix_list_ids": [],
                "protocol": "tcp",
                "security_groups": [],
                "self": false,
                "to_port": 443
              },
              {
                "cidr_blocks": [
                  "99.99.99.0/24"
                ],
                "description": null,
                "from_port": 80,
                "ipv6_cidr_blocks": [],
                "prefix_list_ids": [],
                "protocol": "tcp",
                "security_groups": [],
                "self": false,
                "to_port": 80
              }
            ],
            "name": "terraform_lb_security_group",
            "name_prefix": "",
            "owner_id": "725445055643",
            "revoke_rules_on_delete": false,
            "tags": {
              "Name": "terraform-lb-security-group"
            },
            "tags_all": {
              "Name": "terraform-lb-security-group"
            },
            "timeouts": null,
            "vpc_id": "vpc-05574daad2672982f"
          },
          "sensitive_attributes": [],
          "private": "eyJlMmJmYjczMC1lY2FhLTExZTYtOGY4OC0zNDM2M2JjN2M0YzAiOnsiY3JlYXRlIjo2MDAwMDAwMDAwMDAsImRlbGV0ZSI6OTAwMDAwMDAwMDAwfSwic2NoZW1hX3ZlcnNpb24iOiIxIn0=",
          "dependencies": [
            "aws_vpc.app_vpc"
          ]
        }
      ]
    },
    {
      "mode": "managed",
      "type": "aws_security_group",
      "name": "rds",
      "provider": "provider[\"registry.terraform.io/hashicorp/aws\"]",
      "instances": [
        {
          "schema_version": 1,
          "attributes": {
            "arn": "arn:aws:ec2:us-east-1:725445055643:security-group/sg-03da66d683683d90e",
            "description": "Terraform RDS MySQL server",
            "egress": [
              {
                "cidr_blocks": [
                  "0.0.0.0/0"
                ],
                "description": "",
                "from_port": 0,
                "ipv6_cidr_blocks": [],
                "prefix_list_ids": [],
                "protocol": "-1",
                "security_groups": [],
                "self": false,
                "to_port": 0
              }
            ],
            "id": "sg-03da66d683683d90e",
            "ingress": [
              {
                "cidr_blocks": [],
                "description": "",
                "from_port": 3306,
                "ipv6_cidr_blocks": [],
                "prefix_list_ids": [],
                "protocol": "tcp",
                "security_groups": [
                  "sg-032defed0c3b7fb2e"
                ],
                "self": false,
                "to_port": 3306
              }
            ],
            "name": "terraform_rds_security_group",
            "name_prefix": "",
            "owner_id": "725445055643",
            "revoke_rules_on_delete": false,
            "tags": {
              "Name": "terraform-rds-security-group"
            },
            "tags_all": {
              "Name": "terraform-rds-security-group"
            },
            "timeouts": null,
            "vpc_id": "vpc-05574daad2672982f"
          },
          "sensitive_attributes": [],
          "private": "eyJlMmJmYjczMC1lY2FhLTExZTYtOGY4OC0zNDM2M2JjN2M0YzAiOnsiY3JlYXRlIjo2MDAwMDAwMDAwMDAsImRlbGV0ZSI6OTAwMDAwMDAwMDAwfSwic2NoZW1hX3ZlcnNpb24iOiIxIn0=",
          "dependencies": [
            "aws_security_group.default",
            "aws_vpc.app_vpc"
          ]
        }
      ]
    },
    {
      "mode": "managed",
      "type": "aws_subnet",
      "name": "main",
      "provider": "provider[\"registry.terraform.io/hashicorp/aws\"]",
      "instances": [
        {
          "index_key": 0,
          "schema_version": 1,
          "attributes": {
            "arn": "arn:aws:ec2:us-east-1:725445055643:subnet/subnet-001a367bf41899714",
            "assign_ipv6_address_on_creation": false,
            "availability_zone": "us-east-1a",
            "availability_zone_id": "use1-az4",
            "cidr_block": "10.0.0.0/24",
            "customer_owned_ipv4_pool": "",
            "enable_dns64": false,
            "enable_resource_name_dns_a_record_on_launch": false,
            "enable_resource_name_dns_aaaa_record_on_launch": false,
            "id": "subnet-001a367bf41899714",
            "ipv6_cidr_block": "",
            "ipv6_cidr_block_association_id": "",
            "ipv6_native": false,
            "map_customer_owned_ip_on_launch": false,
            "map_public_ip_on_launch": true,
            "outpost_arn": "",
            "owner_id": "725445055643",
            "private_dns_hostname_type_on_launch": "ip-name",
            "tags": {
              "Name": "public-us-east-1a"
            },
            "tags_all": {
              "Name": "public-us-east-1a"
            },
            "timeouts": null,
            "vpc_id": "vpc-05574daad2672982f"
          },
          "sensitive_attributes": [],
          "private": "eyJlMmJmYjczMC1lY2FhLTExZTYtOGY4OC0zNDM2M2JjN2M0YzAiOnsiY3JlYXRlIjo2MDAwMDAwMDAwMDAsImRlbGV0ZSI6MTIwMDAwMDAwMDAwMH0sInNjaGVtYV92ZXJzaW9uIjoiMSJ9",
          "dependencies": [
            "aws_vpc.app_vpc",
            "data.aws_availability_zones.available"
          ]
        },
        {
          "index_key": 1,
          "schema_version": 1,
          "attributes": {
            "arn": "arn:aws:ec2:us-east-1:725445055643:subnet/subnet-0227b050e7c05db91",
            "assign_ipv6_address_on_creation": false,
            "availability_zone": "us-east-1b",
            "availability_zone_id": "use1-az6",
            "cidr_block": "10.0.1.0/24",
            "customer_owned_ipv4_pool": "",
            "enable_dns64": false,
            "enable_resource_name_dns_a_record_on_launch": false,
            "enable_resource_name_dns_aaaa_record_on_launch": false,
            "id": "subnet-0227b050e7c05db91",
            "ipv6_cidr_block": "",
            "ipv6_cidr_block_association_id": "",
            "ipv6_native": false,
            "map_customer_owned_ip_on_launch": false,
            "map_public_ip_on_launch": true,
            "outpost_arn": "",
            "owner_id": "725445055643",
            "private_dns_hostname_type_on_launch": "ip-name",
            "tags": {
              "Name": "public-us-east-1b"
            },
            "tags_all": {
              "Name": "public-us-east-1b"
            },
            "timeouts": null,
            "vpc_id": "vpc-05574daad2672982f"
          },
          "sensitive_attributes": [],
          "private": "eyJlMmJmYjczMC1lY2FhLTExZTYtOGY4OC0zNDM2M2JjN2M0YzAiOnsiY3JlYXRlIjo2MDAwMDAwMDAwMDAsImRlbGV0ZSI6MTIwMDAwMDAwMDAwMH0sInNjaGVtYV92ZXJzaW9uIjoiMSJ9",
          "dependencies": [
            "aws_vpc.app_vpc",
            "data.aws_availability_zones.available"
          ]
        },
        {
          "index_key": 2,
          "schema_version": 1,
          "attributes": {
            "arn": "arn:aws:ec2:us-east-1:725445055643:subnet/subnet-0423f5832371e3531",
            "assign_ipv6_address_on_creation": false,
            "availability_zone": "us-east-1c",
            "availability_zone_id": "use1-az1",
            "cidr_block": "10.0.2.0/24",
            "customer_owned_ipv4_pool": "",
            "enable_dns64": false,
            "enable_resource_name_dns_a_record_on_launch": false,
            "enable_resource_name_dns_aaaa_record_on_launch": false,
            "id": "subnet-0423f5832371e3531",
            "ipv6_cidr_block": "",
            "ipv6_cidr_block_association_id": "",
            "ipv6_native": false,
            "map_customer_owned_ip_on_launch": false,
            "map_public_ip_on_launch": true,
            "outpost_arn": "",
            "owner_id": "725445055643",
            "private_dns_hostname_type_on_launch": "ip-name",
            "tags": {
              "Name": "public-us-east-1c"
            },
            "tags_all": {
              "Name": "public-us-east-1c"
            },
            "timeouts": null,
            "vpc_id": "vpc-05574daad2672982f"
          },
          "sensitive_attributes": [],
          "private": "eyJlMmJmYjczMC1lY2FhLTExZTYtOGY4OC0zNDM2M2JjN2M0YzAiOnsiY3JlYXRlIjo2MDAwMDAwMDAwMDAsImRlbGV0ZSI6MTIwMDAwMDAwMDAwMH0sInNjaGVtYV92ZXJzaW9uIjoiMSJ9",
          "dependencies": [
            "aws_vpc.app_vpc",
            "data.aws_availability_zones.available"
          ]
        },
        {
          "index_key": 3,
          "schema_version": 1,
          "attributes": {
            "arn": "arn:aws:ec2:us-east-1:725445055643:subnet/subnet-0c2bc5f418630350e",
            "assign_ipv6_address_on_creation": false,
            "availability_zone": "us-east-1d",
            "availability_zone_id": "use1-az2",
            "cidr_block": "10.0.3.0/24",
            "customer_owned_ipv4_pool": "",
            "enable_dns64": false,
            "enable_resource_name_dns_a_record_on_launch": false,
            "enable_resource_name_dns_aaaa_record_on_launch": false,
            "id": "subnet-0c2bc5f418630350e",
            "ipv6_cidr_block": "",
            "ipv6_cidr_block_association_id": "",
            "ipv6_native": false,
            "map_customer_owned_ip_on_launch": false,
            "map_public_ip_on_launch": true,
            "outpost_arn": "",
            "owner_id": "725445055643",
            "private_dns_hostname_type_on_launch": "ip-name",
            "tags": {
              "Name": "public-us-east-1d"
            },
            "tags_all": {
              "Name": "public-us-east-1d"
            },
            "timeouts": null,
            "vpc_id": "vpc-05574daad2672982f"
          },
          "sensitive_attributes": [],
          "private": "eyJlMmJmYjczMC1lY2FhLTExZTYtOGY4OC0zNDM2M2JjN2M0YzAiOnsiY3JlYXRlIjo2MDAwMDAwMDAwMDAsImRlbGV0ZSI6MTIwMDAwMDAwMDAwMH0sInNjaGVtYV92ZXJzaW9uIjoiMSJ9",
          "dependencies": [
            "aws_vpc.app_vpc",
            "data.aws_availability_zones.available"
          ]
        },
        {
          "index_key": 4,
          "schema_version": 1,
          "attributes": {
            "arn": "arn:aws:ec2:us-east-1:725445055643:subnet/subnet-0a7e93a7c8f502cae",
            "assign_ipv6_address_on_creation": false,
            "availability_zone": "us-east-1e",
            "availability_zone_id": "use1-az3",
            "cidr_block": "10.0.4.0/24",
            "customer_owned_ipv4_pool": "",
            "enable_dns64": false,
            "enable_resource_name_dns_a_record_on_launch": false,
            "enable_resource_name_dns_aaaa_record_on_launch": false,
            "id": "subnet-0a7e93a7c8f502cae",
            "ipv6_cidr_block": "",
            "ipv6_cidr_block_association_id": "",
            "ipv6_native": false,
            "map_customer_owned_ip_on_launch": false,
            "map_public_ip_on_launch": true,
            "outpost_arn": "",
            "owner_id": "725445055643",
            "private_dns_hostname_type_on_launch": "ip-name",
            "tags": {
              "Name": "public-us-east-1e"
            },
            "tags_all": {
              "Name": "public-us-east-1e"
            },
            "timeouts": null,
            "vpc_id": "vpc-05574daad2672982f"
          },
          "sensitive_attributes": [],
          "private": "eyJlMmJmYjczMC1lY2FhLTExZTYtOGY4OC0zNDM2M2JjN2M0YzAiOnsiY3JlYXRlIjo2MDAwMDAwMDAwMDAsImRlbGV0ZSI6MTIwMDAwMDAwMDAwMH0sInNjaGVtYV92ZXJzaW9uIjoiMSJ9",
          "dependencies": [
            "aws_vpc.app_vpc",
            "data.aws_availability_zones.available"
          ]
        },
        {
          "index_key": 5,
          "schema_version": 1,
          "attributes": {
            "arn": "arn:aws:ec2:us-east-1:725445055643:subnet/subnet-0118a3823555686c5",
            "assign_ipv6_address_on_creation": false,
            "availability_zone": "us-east-1f",
            "availability_zone_id": "use1-az5",
            "cidr_block": "10.0.5.0/24",
            "customer_owned_ipv4_pool": "",
            "enable_dns64": false,
            "enable_resource_name_dns_a_record_on_launch": false,
            "enable_resource_name_dns_aaaa_record_on_launch": false,
            "id": "subnet-0118a3823555686c5",
            "ipv6_cidr_block": "",
            "ipv6_cidr_block_association_id": "",
            "ipv6_native": false,
            "map_customer_owned_ip_on_launch": false,
            "map_public_ip_on_launch": true,
            "outpost_arn": "",
            "owner_id": "725445055643",
            "private_dns_hostname_type_on_launch": "ip-name",
            "tags": {
              "Name": "public-us-east-1f"
            },
            "tags_all": {
              "Name": "public-us-east-1f"
            },
            "timeouts": null,
            "vpc_id": "vpc-05574daad2672982f"
          },
          "sensitive_attributes": [],
          "private": "eyJlMmJmYjczMC1lY2FhLTExZTYtOGY4OC0zNDM2M2JjN2M0YzAiOnsiY3JlYXRlIjo2MDAwMDAwMDAwMDAsImRlbGV0ZSI6MTIwMDAwMDAwMDAwMH0sInNjaGVtYV92ZXJzaW9uIjoiMSJ9",
          "dependencies": [
            "aws_vpc.app_vpc",
            "data.aws_availability_zones.available"
          ]
        }
      ]
    },
    {
      "mode": "managed",
      "type": "aws_subnet",
      "name": "rds",
      "provider": "provider[\"registry.terraform.io/hashicorp/aws\"]",
      "instances": [
        {
          "index_key": 0,
          "schema_version": 1,
          "attributes": {
            "arn": "arn:aws:ec2:us-east-1:725445055643:subnet/subnet-06f58f682870e9129",
            "assign_ipv6_address_on_creation": false,
            "availability_zone": "us-east-1a",
            "availability_zone_id": "use1-az4",
            "cidr_block": "10.0.6.0/24",
            "customer_owned_ipv4_pool": "",
            "enable_dns64": false,
            "enable_resource_name_dns_a_record_on_launch": false,
            "enable_resource_name_dns_aaaa_record_on_launch": false,
            "id": "subnet-06f58f682870e9129",
            "ipv6_cidr_block": "",
            "ipv6_cidr_block_association_id": "",
            "ipv6_native": false,
            "map_customer_owned_ip_on_launch": false,
            "map_public_ip_on_launch": true,
            "outpost_arn": "",
            "owner_id": "725445055643",
            "private_dns_hostname_type_on_launch": "ip-name",
            "tags": {
              "Name": "rds-us-east-1a"
            },
            "tags_all": {
              "Name": "rds-us-east-1a"
            },
            "timeouts": null,
            "vpc_id": "vpc-05574daad2672982f"
          },
          "sensitive_attributes": [],
          "private": "eyJlMmJmYjczMC1lY2FhLTExZTYtOGY4OC0zNDM2M2JjN2M0YzAiOnsiY3JlYXRlIjo2MDAwMDAwMDAwMDAsImRlbGV0ZSI6MTIwMDAwMDAwMDAwMH0sInNjaGVtYV92ZXJzaW9uIjoiMSJ9",
          "dependencies": [
            "aws_vpc.app_vpc",
            "data.aws_availability_zones.available"
          ]
        },
        {
          "index_key": 1,
          "schema_version": 1,
          "attributes": {
            "arn": "arn:aws:ec2:us-east-1:725445055643:subnet/subnet-0edccfe8dec308178",
            "assign_ipv6_address_on_creation": false,
            "availability_zone": "us-east-1b",
            "availability_zone_id": "use1-az6",
            "cidr_block": "10.0.7.0/24",
            "customer_owned_ipv4_pool": "",
            "enable_dns64": false,
            "enable_resource_name_dns_a_record_on_launch": false,
            "enable_resource_name_dns_aaaa_record_on_launch": false,
            "id": "subnet-0edccfe8dec308178",
            "ipv6_cidr_block": "",
            "ipv6_cidr_block_association_id": "",
            "ipv6_native": false,
            "map_customer_owned_ip_on_launch": false,
            "map_public_ip_on_launch": true,
            "outpost_arn": "",
            "owner_id": "725445055643",
            "private_dns_hostname_type_on_launch": "ip-name",
            "tags": {
              "Name": "rds-us-east-1b"
            },
            "tags_all": {
              "Name": "rds-us-east-1b"
            },
            "timeouts": null,
            "vpc_id": "vpc-05574daad2672982f"
          },
          "sensitive_attributes": [],
          "private": "eyJlMmJmYjczMC1lY2FhLTExZTYtOGY4OC0zNDM2M2JjN2M0YzAiOnsiY3JlYXRlIjo2MDAwMDAwMDAwMDAsImRlbGV0ZSI6MTIwMDAwMDAwMDAwMH0sInNjaGVtYV92ZXJzaW9uIjoiMSJ9",
          "dependencies": [
            "aws_vpc.app_vpc",
            "data.aws_availability_zones.available"
          ]
        },
        {
          "index_key": 2,
          "schema_version": 1,
          "attributes": {
            "arn": "arn:aws:ec2:us-east-1:725445055643:subnet/subnet-0fb9081e680819db1",
            "assign_ipv6_address_on_creation": false,
            "availability_zone": "us-east-1c",
            "availability_zone_id": "use1-az1",
            "cidr_block": "10.0.8.0/24",
            "customer_owned_ipv4_pool": "",
            "enable_dns64": false,
            "enable_resource_name_dns_a_record_on_launch": false,
            "enable_resource_name_dns_aaaa_record_on_launch": false,
            "id": "subnet-0fb9081e680819db1",
            "ipv6_cidr_block": "",
            "ipv6_cidr_block_association_id": "",
            "ipv6_native": false,
            "map_customer_owned_ip_on_launch": false,
            "map_public_ip_on_launch": true,
            "outpost_arn": "",
            "owner_id": "725445055643",
            "private_dns_hostname_type_on_launch": "ip-name",
            "tags": {
              "Name": "rds-us-east-1c"
            },
            "tags_all": {
              "Name": "rds-us-east-1c"
            },
            "timeouts": null,
            "vpc_id": "vpc-05574daad2672982f"
          },
          "sensitive_attributes": [],
          "private": "eyJlMmJmYjczMC1lY2FhLTExZTYtOGY4OC0zNDM2M2JjN2M0YzAiOnsiY3JlYXRlIjo2MDAwMDAwMDAwMDAsImRlbGV0ZSI6MTIwMDAwMDAwMDAwMH0sInNjaGVtYV92ZXJzaW9uIjoiMSJ9",
          "dependencies": [
            "aws_vpc.app_vpc",
            "data.aws_availability_zones.available"
          ]
        },
        {
          "index_key": 3,
          "schema_version": 1,
          "attributes": {
            "arn": "arn:aws:ec2:us-east-1:725445055643:subnet/subnet-0dd85a3dabbc1ad07",
            "assign_ipv6_address_on_creation": false,
            "availability_zone": "us-east-1d",
            "availability_zone_id": "use1-az2",
            "cidr_block": "10.0.9.0/24",
            "customer_owned_ipv4_pool": "",
            "enable_dns64": false,
            "enable_resource_name_dns_a_record_on_launch": false,
            "enable_resource_name_dns_aaaa_record_on_launch": false,
            "id": "subnet-0dd85a3dabbc1ad07",
            "ipv6_cidr_block": "",
            "ipv6_cidr_block_association_id": "",
            "ipv6_native": false,
            "map_customer_owned_ip_on_launch": false,
            "map_public_ip_on_launch": true,
            "outpost_arn": "",
            "owner_id": "725445055643",
            "private_dns_hostname_type_on_launch": "ip-name",
            "tags": {
              "Name": "rds-us-east-1d"
            },
            "tags_all": {
              "Name": "rds-us-east-1d"
            },
            "timeouts": null,
            "vpc_id": "vpc-05574daad2672982f"
          },
          "sensitive_attributes": [],
          "private": "eyJlMmJmYjczMC1lY2FhLTExZTYtOGY4OC0zNDM2M2JjN2M0YzAiOnsiY3JlYXRlIjo2MDAwMDAwMDAwMDAsImRlbGV0ZSI6MTIwMDAwMDAwMDAwMH0sInNjaGVtYV92ZXJzaW9uIjoiMSJ9",
          "dependencies": [
            "aws_vpc.app_vpc",
            "data.aws_availability_zones.available"
          ]
        },
        {
          "index_key": 4,
          "schema_version": 1,
          "attributes": {
            "arn": "arn:aws:ec2:us-east-1:725445055643:subnet/subnet-051b3d97a903208de",
            "assign_ipv6_address_on_creation": false,
            "availability_zone": "us-east-1e",
            "availability_zone_id": "use1-az3",
            "cidr_block": "10.0.10.0/24",
            "customer_owned_ipv4_pool": "",
            "enable_dns64": false,
            "enable_resource_name_dns_a_record_on_launch": false,
            "enable_resource_name_dns_aaaa_record_on_launch": false,
            "id": "subnet-051b3d97a903208de",
            "ipv6_cidr_block": "",
            "ipv6_cidr_block_association_id": "",
            "ipv6_native": false,
            "map_customer_owned_ip_on_launch": false,
            "map_public_ip_on_launch": true,
            "outpost_arn": "",
            "owner_id": "725445055643",
            "private_dns_hostname_type_on_launch": "ip-name",
            "tags": {
              "Name": "rds-us-east-1e"
            },
            "tags_all": {
              "Name": "rds-us-east-1e"
            },
            "timeouts": null,
            "vpc_id": "vpc-05574daad2672982f"
          },
          "sensitive_attributes": [],
          "private": "eyJlMmJmYjczMC1lY2FhLTExZTYtOGY4OC0zNDM2M2JjN2M0YzAiOnsiY3JlYXRlIjo2MDAwMDAwMDAwMDAsImRlbGV0ZSI6MTIwMDAwMDAwMDAwMH0sInNjaGVtYV92ZXJzaW9uIjoiMSJ9",
          "dependencies": [
            "aws_vpc.app_vpc",
            "data.aws_availability_zones.available"
          ]
        },
        {
          "index_key": 5,
          "schema_version": 1,
          "attributes": {
            "arn": "arn:aws:ec2:us-east-1:725445055643:subnet/subnet-085b7218ddb7bc319",
            "assign_ipv6_address_on_creation": false,
            "availability_zone": "us-east-1f",
            "availability_zone_id": "use1-az5",
            "cidr_block": "10.0.11.0/24",
            "customer_owned_ipv4_pool": "",
            "enable_dns64": false,
            "enable_resource_name_dns_a_record_on_launch": false,
            "enable_resource_name_dns_aaaa_record_on_launch": false,
            "id": "subnet-085b7218ddb7bc319",
            "ipv6_cidr_block": "",
            "ipv6_cidr_block_association_id": "",
            "ipv6_native": false,
            "map_customer_owned_ip_on_launch": false,
            "map_public_ip_on_launch": true,
            "outpost_arn": "",
            "owner_id": "725445055643",
            "private_dns_hostname_type_on_launch": "ip-name",
            "tags": {
              "Name": "rds-us-east-1f"
            },
            "tags_all": {
              "Name": "rds-us-east-1f"
            },
            "timeouts": null,
            "vpc_id": "vpc-05574daad2672982f"
          },
          "sensitive_attributes": [],
          "private": "eyJlMmJmYjczMC1lY2FhLTExZTYtOGY4OC0zNDM2M2JjN2M0YzAiOnsiY3JlYXRlIjo2MDAwMDAwMDAwMDAsImRlbGV0ZSI6MTIwMDAwMDAwMDAwMH0sInNjaGVtYV92ZXJzaW9uIjoiMSJ9",
          "dependencies": [
            "aws_vpc.app_vpc",
            "data.aws_availability_zones.available"
          ]
        }
      ]
    },
    {
      "mode": "managed",
      "type": "aws_vpc",
      "name": "app_vpc",
      "provider": "provider[\"registry.terraform.io/hashicorp/aws\"]",
      "instances": [
        {
          "schema_version": 1,
          "attributes": {
            "arn": "arn:aws:ec2:us-east-1:725445055643:vpc/vpc-05574daad2672982f",
            "assign_generated_ipv6_cidr_block": false,
            "cidr_block": "10.0.0.0/16",
            "default_network_acl_id": "acl-094977719e50f0e39",
            "default_route_table_id": "rtb-03c1d9382eda08eb1",
            "default_security_group_id": "sg-0c7352aa9204ac566",
            "dhcp_options_id": "dopt-02e4d0957503cc649",
            "enable_classiclink": false,
            "enable_classiclink_dns_support": false,
            "enable_dns_hostnames": false,
            "enable_dns_support": true,
            "id": "vpc-05574daad2672982f",
            "instance_tenancy": "default",
            "ipv4_ipam_pool_id": null,
            "ipv4_netmask_length": null,
            "ipv6_association_id": "",
            "ipv6_cidr_block": "",
            "ipv6_cidr_block_network_border_group": "",
            "ipv6_ipam_pool_id": "",
            "ipv6_netmask_length": 0,
            "main_route_table_id": "rtb-03c1d9382eda08eb1",
            "owner_id": "725445055643",
            "tags": {
              "Name": "terraform-sequence-vpc"
            },
            "tags_all": {
              "Name": "terraform-sequence-vpc"
            }
          },
          "sensitive_attributes": [],
          "private": "eyJzY2hlbWFfdmVyc2lvbiI6IjEifQ=="
        }
      ]
    }
  ]
}
